
Microsoft Visual Studio Solution File, Format Version 12.00
# Visual Studio 15
VisualStudioVersion = 15.0.27428.2015
MinimumVisualStudioVersion = 10.0.40219.1
Project("{FAE04EC0-301F-11D3-BF4B-00C04F79EFBC}") = "PermissionsTest.iOS", "PermissionsTest\PermissionsTest.iOS\PermissionsTest.iOS.csproj", "{7DF892D6-DE11-45E8-BDA9-3A11DDB68DBC}"
EndProject
Project("{FAE04EC0-301F-11D3-BF4B-00C04F79EFBC}") = "PermissionsTest", "PermissionsTest\PermissionsTest\PermissionsTest.csproj", "{F411DE0E-3735-40F9-9569-915FF6EC80F9}"
EndProject
Global
	GlobalSection(SolutionConfigurationPlatforms) = preSolution
		Ad-Hoc|Any CPU = Ad-Hoc|Any CPU
		Ad-Hoc|iPhone = Ad-Hoc|iPhone
		Ad-Hoc|iPhoneSimulator = Ad-Hoc|iPhoneSimulator
		AppStore|Any CPU = AppStore|Any CPU
		AppStore|iPhone = AppStore|iPhone
		AppStore|iPhoneSimulator = AppStore|iPhoneSimulator
		Debug|Any CPU = Debug|Any CPU
		Debug|iPhone = Debug|iPhone
		Debug|iPhoneSimulator = Debug|iPhoneSimulator
		Release|Any CPU = Release|Any CPU
		Release|iPhone = Release|iPhone
		Release|iPhoneSimulator = Release|iPhoneSimulator
	EndGlobalSection
	GlobalSection(ProjectConfigurationPlatforms) = postSolution
		{7DF892D6-DE11-45E8-BDA9-3A11DDB68DBC}.Ad-Hoc|Any CPU.ActiveCfg = Ad-Hoc|iPhone
		{7DF892D6-DE11-45E8-BDA9-3A11DDB68DBC}.Ad-Hoc|iPhone.ActiveCfg = Ad-Hoc|iPhone
		{7DF892D6-DE11-45E8-BDA9-3A11DDB68DBC}.Ad-Hoc|iPhone.Build.0 = Ad-Hoc|iPhone
		{7DF892D6-DE11-45E8-BDA9-3A11DDB68DBC}.Ad-Hoc|iPhoneSimulator.ActiveCfg = Ad-Hoc|iPhoneSimulator
		{7DF892D6-DE11-45E8-BDA9-3A11DDB68DBC}.Ad-Hoc|iPhoneSimulator.Build.0 = Ad-Hoc|iPhoneSimulator
		{7DF892D6-DE11-45E8-BDA9-3A11DDB68DBC}.AppStore|Any CPU.ActiveCfg = AppStore|iPhone
		{7DF892D6-DE11-45E8-BDA9-3A11DDB68DBC}.AppStore|iPhone.ActiveCfg = AppStore|iPhone
		{7DF892D6-DE11-45E8-BDA9-3A11DDB68DBC}.AppStore|iPhone.Build.0 = AppStore|iPhone
		{7DF892D6-DE11-45E8-BDA9-3A11DDB68DBC}.AppStore|iPhoneSimulator.ActiveCfg = AppStore|iPhoneSimulator
		{7DF892D6-DE11-45E8-BDA9-3A11DDB68DBC}.AppStore|iPhoneSimulator.Build.0 = AppStore|iPhoneSimulator
		{7DF892D6-DE11-45E8-BDA9-3A11DDB68DBC}.Debug|Any CPU.ActiveCfg = Debug|iPhone
		{7DF892D6-DE11-45E8-BDA9-3A11DDB68DBC}.Debug|iPhone.ActiveCfg = Debug|iPhone
		{7DF892D6-DE11-45E8-BDA9-3A11DDB68DBC}.Debug|iPhone.Build.0 = Debug|iPhone
		{7DF892D6-DE11-45E8-BDA9-3A11DDB68DBC}.Debug|iPhoneSimulator.ActiveCfg = Debug|iPhoneSimulator
		{7DF892D6-DE11-45E8-BDA9-3A11DDB68DBC}.Debug|iPhoneSimulator.Build.0 = Debug|iPhoneSimulator
		{7DF892D6-DE11-45E8-BDA9-3A11DDB68DBC}.Release|Any CPU.ActiveCfg = Release|iPhone
		{7DF892D6-DE11-45E8-BDA9-3A11DDB68DBC}.Release|iPhone.ActiveCfg = Release|iPhone
		{7DF892D6-DE11-45E8-BDA9-3A11DDB68DBC}.Release|iPhone.Build.0 = Release|iPhone
		{7DF892D6-DE11-45E8-BDA9-3A11DDB68DBC}.Release|iPhoneSimulator.ActiveCfg = Release|iPhoneSimulator
		{7DF892D6-DE11-45E8-BDA9-3A11DDB68DBC}.Release|iPhoneSimulator.Build.0 = Release|iPhoneSimulator
		{F411DE0E-3735-40F9-9569-915FF6EC80F9}.Ad-Hoc|Any CPU.ActiveCfg = Debug|Any CPU
		{F411DE0E-3735-40F9-9569-915FF6EC80F9}.Ad-Hoc|Any CPU.Build.0 = Debug|Any CPU
		{F411DE0E-3735-40F9-9569-915FF6EC80F9}.Ad-Hoc|iPhone.ActiveCfg = Debug|Any CPU
		{F411DE0E-3735-40F9-9569-915FF6EC80F9}.Ad-Hoc|iPhone.Build.0 = Debug|Any CPU
		{F411DE0E-3735-40F9-9569-915FF6EC80F9}.Ad-Hoc|iPhoneSimulator.ActiveCfg = Debug|Any CPU
		{F411DE0E-3735-40F9-9569-915FF6EC80F9}.Ad-Hoc|iPhoneSimulator.Build.0 = Debug|Any CPU
		{F411DE0E-3735-40F9-9569-915FF6EC80F9}.AppStore|Any CPU.ActiveCfg = Debug|Any CPU
		{F411DE0E-3735-40F9-9569-915FF6EC80F9}.AppStore|Any CPU.Build.0 = Debug|Any CPU
		{F411DE0E-3735-40F9-9569-915FF6EC80F9}.AppStore|iPhone.ActiveCfg = Debug|Any CPU
		{F411DE0E-3735-40F9-9569-915FF6EC80F9}.AppStore|iPhone.Build.0 = Debug|Any CPU
		{F411DE0E-3735-40F9-9569-915FF6EC80F9}.AppStore|iPhoneSimulator.ActiveCfg = Debug|Any CPU
		{F411DE0E-3735-40F9-9569-915FF6EC80F9}.AppStore|iPhoneSimulator.Build.0 = Debug|Any CPU
		{F411DE0E-3735-40F9-9569-915FF6EC80F9}.Debug|Any CPU.ActiveCfg = Debug|Any CPU
		{F411DE0E-3735-40F9-9569-915FF6EC80F9}.Debug|Any CPU.Build.0 = Debug|Any CPU
		{F411DE0E-3735-40F9-9569-915FF6EC80F9}.Debug|iPhone.ActiveCfg = Debug|Any CPU
		{F411DE0E-3735-40F9-9569-915FF6EC80F9}.Debug|iPhone.Build.0 = Debug|Any CPU
		{F411DE0E-3735-40F9-9569-915FF6EC80F9}.Debug|iPhoneSimulator.ActiveCfg = Debug|Any CPU
		{F411DE0E-3735-40F9-9569-915FF6EC80F9}.Debug|iPhoneSimulator.Build.0 = Debug|Any CPU
		{F411DE0E-3735-40F9-9569-915FF6EC80F9}.Release|Any CPU.ActiveCfg = Release|Any CPU
		{F411DE0E-3735-40F9-9569-915FF6EC80F9}.Release|Any CPU.Build.0 = Release|Any CPU
		{F411DE0E-3735-40F9-9569-915FF6EC80F9}.Release|iPhone.ActiveCfg = Release|Any CPU
		{F411DE0E-3735-40F9-9569-915FF6EC80F9}.Release|iPhone.Build.0 = Release|Any CPU
		{F411DE0E-3735-40F9-9569-915FF6EC80F9}.Release|iPhoneSimulator.ActiveCfg = Release|Any CPU
		{F411DE0E-3735-40F9-9569-915FF6EC80F9}.Release|iPhoneSimulator.Build.0 = Release|Any CPU
	EndGlobalSection
	GlobalSection(SolutionProperties) = preSolution
		HideSolutionNode = FALSE
	EndGlobalSection
	GlobalSection(ExtensibilityGlobals) = postSolution
		SolutionGuid = {BB5499DD-1400-47A6-84EB-B076DD7D184B}
	EndGlobalSection
EndGlobal
